
Microsoft Visual Studio Solution File, Format Version 12.00
# Visual Studio Version 17
VisualStudioVersion = 17.5.33424.131
MinimumVisualStudioVersion = 10.0.40219.1
Project("{8BC9CEB8-8B4A-11D0-8D11-00A0C91BC942}") = "VikOut", "VikOut\VikOut.vcxproj", "{2B172869-B94A-4A75-BC82-75E8C23A272C}"
EndProject
Global
	GlobalSection(SolutionConfigurationPlatforms) = preSolution
		Debug|x86 = Debug|x86
		Release|x86 = Release|x86
	EndGlobalSection
	GlobalSection(ProjectConfigurationPlatforms) = postSolution
		{2B172869-B94A-4A75-BC82-75E8C23A272C}.Debug|x86.ActiveCfg = Debug|Win32
		{2B172869-B94A-4A75-BC82-75E8C23A272C}.Debug|x86.Build.0 = Debug|Win32
		{2B172869-B94A-4A75-BC82-75E8C23A272C}.Release|x86.ActiveCfg = Release|Win32
		{2B172869-B94A-4A75-BC82-75E8C23A272C}.Release|x86.Build.0 = Release|Win32
	EndGlobalSection
	GlobalSection(SolutionProperties) = preSolution
		HideSolutionNode = FALSE
	EndGlobalSection
	GlobalSection(ExtensibilityGlobals) = postSolution
		SolutionGuid = {5CF11BC1-1632-4A06-8593-402FA3CB0B3F}
	EndGlobalSection
EndGlobal
